
Microsoft Visual Studio Solution File, Format Version 12.00
# Visual Studio Version 17
VisualStudioVersion = 17.14.37411.7 d17.14
MinimumVisualStudioVersion = 10.0.40219.1
Project("{FAE04EC0-301F-11D3-BF4B-00C04F79EFBC}") = "Leave_Appliccation_Login", "Leave_Appliccation_Login.csproj", "{3B875577-D79D-4DC8-A9BB-1E440ACB815D}"
EndProject
Global
	GlobalSection(SolutionConfigurationPlatforms) = preSolution
		Debug|Any CPU = Debug|Any CPU
		Release|Any CPU = Release|Any CPU
	EndGlobalSection
	GlobalSection(ProjectConfigurationPlatforms) = postSolution
		{3B875577-D79D-4DC8-A9BB-1E440ACB815D}.Debug|Any CPU.ActiveCfg = Debug|Any CPU
		{3B875577-D79D-4DC8-A9BB-1E440ACB815D}.Debug|Any CPU.Build.0 = Debug|Any CPU
		{3B875577-D79D-4DC8-A9BB-1E440ACB815D}.Release|Any CPU.ActiveCfg = Release|Any CPU
		{3B875577-D79D-4DC8-A9BB-1E440ACB815D}.Release|Any CPU.Build.0 = Release|Any CPU
	EndGlobalSection
	GlobalSection(SolutionProperties) = preSolution
		HideSolutionNode = FALSE
	EndGlobalSection
	GlobalSection(ExtensibilityGlobals) = postSolution
		SolutionGuid = {E31FBF1B-4415-4F77-B885-A5730B26B672}
	EndGlobalSection
EndGlobal
